
Microsoft Visual Studio Solution File, Format Version 12.00
# Visual Studio Version 16
VisualStudioVersion = 16.0.29519.181
MinimumVisualStudioVersion = 10.0.40219.1
Project("{FAE04EC0-301F-11D3-BF4B-00C04F79EFBC}") = "MyITShopBackupManager", "MyITShopBackupManager\MyITShopBackupManager.csproj", "{53191BA6-7557-41BE-8183-C13EF7837923}"
EndProject
Global
	GlobalSection(SolutionConfigurationPlatforms) = preSolution
		Debug|Any CPU = Debug|Any CPU
		Release|Any CPU = Release|Any CPU
	EndGlobalSection
	GlobalSection(ProjectConfigurationPlatforms) = postSolution
		{53191BA6-7557-41BE-8183-C13EF7837923}.Debug|Any CPU.ActiveCfg = Debug|Any CPU
		{53191BA6-7557-41BE-8183-C13EF7837923}.Debug|Any CPU.Build.0 = Debug|Any CPU
		{53191BA6-7557-41BE-8183-C13EF7837923}.Release|Any CPU.ActiveCfg = Release|Any CPU
		{53191BA6-7557-41BE-8183-C13EF7837923}.Release|Any CPU.Build.0 = Release|Any CPU
	EndGlobalSection
	GlobalSection(SolutionProperties) = preSolution
		HideSolutionNode = FALSE
	EndGlobalSection
	GlobalSection(ExtensibilityGlobals) = postSolution
		SolutionGuid = {2377E1DE-1608-4844-9228-57A7C4199AA6}
	EndGlobalSection
EndGlobal
